{
  "name": "videomaker",
  "version": "1.0.0",
  "lockfileVersion": 3,
  "requires": true,
  "packages": {
    "": {
      "name": "videomaker",
      "version": "1.0.0",
      "license": "ISC",
      "dependencies": {
        "algorithmia": "^0.3.10",
        "readline-sync": "^1.4.10"
      }
    },
    "node_modules/algorithmia": {
      "version": "0.3.10",
      "resolved": "https://registry.npmjs.org/algorithmia/-/algorithmia-0.3.10.tgz",
      "integrity": "sha512-earvZTSBf+Kuu25AArC6T5yjBXy+uMnkFTGLerSoOZRy2J5WqHMDE0I7dfYMa2qnIvEc5Vd6wcBc4Dl+dyNDlg==",
      "deprecated": "Package no longer supported. Contact Support at https://www.npmjs.com/support for more info.",
      "license": "MIT"
    },
    "node_modules/readline-sync": {
      "version": "1.4.10",
      "resolved": "https://registry.npmjs.org/readline-sync/-/readline-sync-1.4.10.tgz",
      "integrity": "sha512-gNva8/6UAe8QYepIQH/jQ2qn91Qj0B9sYjMBBs3QOB8F2CXcKgLxQaJRP76sWVRQt+QU+8fAkCbCvjjMFu7Ycw==",
      "license": "MIT",
      "engines": {
        "node": ">= 0.8.0"
      }
    }
  }
}
